PODS:
  - R.swift (2.4.0):
    - R.swift.Library (~> 2.2.0)
  - R.swift.Library (2.2.0)
  - Realm (1.0.2):
    - Realm/Headers (= 1.0.2)
  - Realm/Headers (1.0.2)
  - RealmSwift (1.0.2):
    - Realm (= 1.0.2)
  - Unbox (1.9)

DEPENDENCIES:
  - R.swift
  - RealmSwift
  - Unbox

SPEC CHECKSUMS:
  R.swift: 0ef9c42dc6c94ac44a3c78a7639c73f855a8e159
  R.swift.Library: 31a487b65381f37a7d203a6f1f935b43c9be35b0
  Realm: 9d5c46a4d7d27958530a8dfc58f63a99e5c2cba3
  RealmSwift: 82f3ac5e24530143dddfde2033acc0d308f27d96
  Unbox: a6f56a1682b5fd2ba6aea96d7b1ec17599db4f05

PODFILE CHECKSUM: 9ff4a233fcef35d52264f8bc3b1ae474493aaa5c

COCOAPODS: 1.0.1
